
Microsoft Visual Studio Solution File, Format Version 12.00
# Visual Studio 15
VisualStudioVersion = 15.0.28307.705
MinimumVisualStudioVersion = 10.0.40219.1
Project("{8BC9CEB8-8B4A-11D0-8D11-00A0C91BC942}") = "game", "game.vcxproj", "{DDD280D7-4B85-4B03-BBC4-C46CA9BECCCB}"
EndProject
Project("{54435603-DBB4-11D2-8724-00A0C9A8B90C}") = "mygame", "..\mygame.vdproj", "{02B74672-7E64-4EA9-9A19-3B49E5ED6ECB}"
EndProject
Global
	GlobalSection(SolutionConfigurationPlatforms) = preSolution
		Debug|Win32 = Debug|Win32
		Release|Win32 = Release|Win32
	EndGlobalSection
	GlobalSection(ProjectConfigurationPlatforms) = postSolution
		{DDD280D7-4B85-4B03-BBC4-C46CA9BECCCB}.Debug|Win32.ActiveCfg = Debug|Win32
		{DDD280D7-4B85-4B03-BBC4-C46CA9BECCCB}.Debug|Win32.Build.0 = Debug|Win32
		{DDD280D7-4B85-4B03-BBC4-C46CA9BECCCB}.Release|Win32.ActiveCfg = Release|Win32
		{DDD280D7-4B85-4B03-BBC4-C46CA9BECCCB}.Release|Win32.Build.0 = Release|Win32
		{02B74672-7E64-4EA9-9A19-3B49E5ED6ECB}.Debug|Win32.ActiveCfg = Debug
		{02B74672-7E64-4EA9-9A19-3B49E5ED6ECB}.Release|Win32.ActiveCfg = Release
	EndGlobalSection
	GlobalSection(SolutionProperties) = preSolution
		HideSolutionNode = FALSE
	EndGlobalSection
	GlobalSection(ExtensibilityGlobals) = postSolution
		SolutionGuid = {5FD7D608-0441-4A99-8459-FD10366D0FE1}
	EndGlobalSection
EndGlobal
